{
  "name": "www",
  "lockfileVersion": 3,
  "requires": true,
  "packages": {
    "": {
      "dependencies": {
        "simplebar": "^6.3.0"
      }
    },
    "node_modules/lodash": {
      "version": "4.17.21",
      "resolved": "https://registry.npmjs.org/lodash/-/lodash-4.17.21.tgz",
      "integrity": "sha512-v2kDEe57lecTulaDIuNTPy3Ry4gLGJ6Z1O3vE1krgXZNrsQ+LFTGHVxVjcXPs17LhbZVGedAJv8XZ1tvj5FvSg==",
      "license": "MIT"
    },
    "node_modules/simplebar": {
      "version": "6.3.0",
      "resolved": "https://registry.npmjs.org/simplebar/-/simplebar-6.3.0.tgz",
      "integrity": "sha512-SQJfKSvUPJxlOhYCpswEn5ke5WQGsgDZNmpScWL+MKXgYpCDTq1bGiv6uWXwSHMYTkMco32fDUL35sVwCMmzCw==",
      "license": "MIT",
      "dependencies": {
        "simplebar-core": "^1.3.0"
      }
    },
    "node_modules/simplebar-core": {
      "version": "1.3.0",
      "resolved": "https://registry.npmjs.org/simplebar-core/-/simplebar-core-1.3.0.tgz",
      "integrity": "sha512-LpWl3w0caz0bl322E68qsrRPpIn+rWBGAaEJ0lUJA7Xpr2sw92AkIhg6VWj988IefLXYh50ILatfAnbNoCFrlA==",
      "license": "MIT",
      "dependencies": {
        "lodash": "^4.17.21"
      }
    }
  }
}
